<?xml version="1.0" encoding="UTF-8" standalone="yes" ?>
<CodeBlocks_project_file>
	<FileVersion major="1" minor="6" />
	<Project>
		<Option title="MapTestPlugin" />
		<Option pch_mode="2" />
		<Option compiler="gcc" />
		<Build>
			<Target title="Debug Win32">
				<Option output="export" prefix_auto="1" extension_auto="1" />
				<Option type="0" />
				<Option compiler="gcc" />
				<Compiler>
					<Add option="-DWIN32" />
					<Add option="-D_WINDOWS" />
					<Add option="-D_DEBUG" />
					<Add option="-D_USRDLL" />
					<Add directory="C:/Program Files (x86)/Microsoft Visual Studio 14.0/VC/atlmfc/include" />
					<Add directory="../WTL/Include" />
					<Add directory="../grym" />
				</Compiler>
			</Target>
			<Target title="Release Win32">
				<Option output="export" prefix_auto="1" extension_auto="1" />
				<Option type="0" />
				<Option compiler="gcc" />
				<Compiler>
					<Add option="-DWIN32" />
					<Add option="-D_WINDOWS" />
					<Add option="-DNDEBUG" />
					<Add option="-D_USRDLL" />
					<Add directory="C:/Program Files (x86)/Microsoft Visual Studio 14.0/VC/atlmfc/include" />
					<Add directory="../WTL/Include" />
					<Add directory="../grym" />
				</Compiler>
			</Target>
		</Build>
		<Compiler>
			<Add directory="../grym" />
		</Compiler>
		<Unit filename="CmdExport.cpp" />
		<Unit filename="CmdExport.h" />
		<Unit filename="DlgExport.cpp" />
		<Unit filename="DlgExport.h" />
		<Unit filename="ExtendedInfoBlock.cpp" />
		<Unit filename="ExtendedInfoBlock.h" />
		<Unit filename="GrymApiBase.cpp" />
		<Unit filename="GrymApiBase.h" />
		<Unit filename="OrgDataRowFilter.cpp" />
		<Unit filename="OrgDataRowFilter.h" />
		<Unit filename="OrgDirectoryCustomController.cpp" />
		<Unit filename="OrgDirectoryCustomController.h" />
		<Unit filename="OrgSearchControl.cpp" />
		<Unit filename="OrgSearchControl.h" />
		<Unit filename="PluginImpl.cpp" />
		<Unit filename="PluginImpl.h" />
		<Unit filename="PluginInfo.cpp" />
		<Unit filename="PluginInfo.h" />
		<Unit filename="Resource.h" />
		<Unit filename="Util.cpp" />
		<Unit filename="Util.h" />
		<Unit filename="Wildcard.cpp" />
		<Unit filename="Wildcard.h" />
		<Unit filename="dllmain.cpp" />
		<Unit filename="export.def" />
		<Unit filename="export.dgxpi" />
		<Unit filename="export.rc">
			<Option compilerVar="WINDRES" />
		</Unit>
		<Unit filename="res/export.png" />
		<Unit filename="stdafx.cpp" />
		<Unit filename="stdafx.h" />
		<Unit filename="targetver.h" />
		<Unit filename="version.h" />
		<Extensions>
			<code_completion />
			<envvars />
			<debugger />
		</Extensions>
	</Project>
</CodeBlocks_project_file>
